
Microsoft Visual Studio Solution File, Format Version 12.00
# Visual Studio Version 16
VisualStudioVersion = 16.0.30406.217
MinimumVisualStudioVersion = 10.0.40219.1
Project("{9A19103F-16F7-4668-BE54-9A1E7A4F7556}") = "PowerCustomerReader", "PowerCustomerReader\PowerCustomerReader.csproj", "{4B8B6F46-5E96-48E6-8169-A67E8747B008}"
EndProject
Project("{FAE04EC0-301F-11D3-BF4B-00C04F79EFBC}") = "PowerCustomerReaderUnitTest", "PowerCustomerReaderUnitTest\PowerCustomerReaderUnitTest.csproj", "{4627975F-23FE-42B2-BEBE-A47866293A8C}"
EndProject
Global
	GlobalSection(SolutionConfigurationPlatforms) = preSolution
		Debug|Any CPU = Debug|Any CPU
		Release|Any CPU = Release|Any CPU
	EndGlobalSection
	GlobalSection(ProjectConfigurationPlatforms) = postSolution
		{4B8B6F46-5E96-48E6-8169-A67E8747B008}.Debug|Any CPU.ActiveCfg = Debug|Any CPU
		{4B8B6F46-5E96-48E6-8169-A67E8747B008}.Debug|Any CPU.Build.0 = Debug|Any CPU
		{4B8B6F46-5E96-48E6-8169-A67E8747B008}.Release|Any CPU.ActiveCfg = Release|Any CPU
		{4B8B6F46-5E96-48E6-8169-A67E8747B008}.Release|Any CPU.Build.0 = Release|Any CPU
		{4627975F-23FE-42B2-BEBE-A47866293A8C}.Debug|Any CPU.ActiveCfg = Debug|Any CPU
		{4627975F-23FE-42B2-BEBE-A47866293A8C}.Debug|Any CPU.Build.0 = Debug|Any CPU
		{4627975F-23FE-42B2-BEBE-A47866293A8C}.Release|Any CPU.ActiveCfg = Release|Any CPU
		{4627975F-23FE-42B2-BEBE-A47866293A8C}.Release|Any CPU.Build.0 = Release|Any CPU
	EndGlobalSection
	GlobalSection(SolutionProperties) = preSolution
		HideSolutionNode = FALSE
	EndGlobalSection
	GlobalSection(ExtensibilityGlobals) = postSolution
		SolutionGuid = {F243A28F-FA5D-4910-8794-E0B61E848EA8}
	EndGlobalSection
EndGlobal
